
Microsoft Visual Studio Solution File, Format Version 12.00
# Visual Studio Version 17
VisualStudioVersion = 17.13.35828.75 d17.13
MinimumVisualStudioVersion = 10.0.40219.1
Project("{FAE04EC0-301F-11D3-BF4B-00C04F79EFBC}") = "SICExcelAddInPRO", "SICExcelAddInPRO\SICExcelAddInPRO.csproj", "{02F84AF0-2F86-48DA-A29F-5E4A84B1BBFF}"
EndProject
Project("{FAE04EC0-301F-11D3-BF4B-00C04F79EFBC}") = "SICAPIProject", "SICAPIProject\SICAPIProject.csproj", "{5EB340F8-A6D6-45E3-9D57-39B6CF94CD4A}"
EndProject
Global
	GlobalSection(SolutionConfigurationPlatforms) = preSolution
		Debug|Any CPU = Debug|Any CPU
		Release|Any CPU = Release|Any CPU
	EndGlobalSection
	GlobalSection(ProjectConfigurationPlatforms) = postSolution
		{02F84AF0-2F86-48DA-A29F-5E4A84B1BBFF}.Debug|Any CPU.ActiveCfg = Debug|Any CPU
		{02F84AF0-2F86-48DA-A29F-5E4A84B1BBFF}.Debug|Any CPU.Build.0 = Debug|Any CPU
		{02F84AF0-2F86-48DA-A29F-5E4A84B1BBFF}.Release|Any CPU.ActiveCfg = Release|Any CPU
		{02F84AF0-2F86-48DA-A29F-5E4A84B1BBFF}.Release|Any CPU.Build.0 = Release|Any CPU
		{5EB340F8-A6D6-45E3-9D57-39B6CF94CD4A}.Debug|Any CPU.ActiveCfg = Debug|Any CPU
		{5EB340F8-A6D6-45E3-9D57-39B6CF94CD4A}.Debug|Any CPU.Build.0 = Debug|Any CPU
		{5EB340F8-A6D6-45E3-9D57-39B6CF94CD4A}.Release|Any CPU.ActiveCfg = Release|Any CPU
		{5EB340F8-A6D6-45E3-9D57-39B6CF94CD4A}.Release|Any CPU.Build.0 = Release|Any CPU
	EndGlobalSection
	GlobalSection(SolutionProperties) = preSolution
		HideSolutionNode = FALSE
	EndGlobalSection
	GlobalSection(ExtensibilityGlobals) = postSolution
		SolutionGuid = {BAEEB79F-1BD2-468D-ADCF-DB266DB3CE38}
	EndGlobalSection
EndGlobal
